
Microsoft Visual Studio Solution File, Format Version 12.00
# Visual Studio 15
VisualStudioVersion = 15.0.26124.0
MinimumVisualStudioVersion = 15.0.26124.0
Project("{2150E333-8FDC-42A3-9474-1A3956D46DE8}") = "src", "src", "{AC94063D-816D-42E0-84C2-B1F87C4EAE63}"
EndProject
Project("{FAE04EC0-301F-11D3-BF4B-00C04F79EFBC}") = "Core", "src\Core\Core.csproj", "{6CAC27FB-A5F4-4B78-BAD2-DF07DAA59D61}"
EndProject
Project("{2150E333-8FDC-42A3-9474-1A3956D46DE8}") = "test", "test", "{E9B716A0-23CC-420A-BBBA-77331266C6DA}"
EndProject
Project("{FAE04EC0-301F-11D3-BF4B-00C04F79EFBC}") = "UnitTests", "test\UnitTests\UnitTests.csproj", "{39813A4C-2C7D-46B1-AF06-372CC17F27BF}"
EndProject
Global
	GlobalSection(SolutionConfigurationPlatforms) = preSolution
		Debug|Any CPU = Debug|Any CPU
		Debug|x64 = Debug|x64
		Debug|x86 = Debug|x86
		Release|Any CPU = Release|Any CPU
		Release|x64 = Release|x64
		Release|x86 = Release|x86
	EndGlobalSection
	GlobalSection(SolutionProperties) = preSolution
		HideSolutionNode = FALSE
	EndGlobalSection
	GlobalSection(ProjectConfigurationPlatforms) = postSolution
		{6CAC27FB-A5F4-4B78-BAD2-DF07DAA59D61}.Debug|Any CPU.ActiveCfg = Debug|Any CPU
		{6CAC27FB-A5F4-4B78-BAD2-DF07DAA59D61}.Debug|Any CPU.Build.0 = Debug|Any CPU
		{6CAC27FB-A5F4-4B78-BAD2-DF07DAA59D61}.Debug|x64.ActiveCfg = Debug|Any CPU
		{6CAC27FB-A5F4-4B78-BAD2-DF07DAA59D61}.Debug|x64.Build.0 = Debug|Any CPU
		{6CAC27FB-A5F4-4B78-BAD2-DF07DAA59D61}.Debug|x86.ActiveCfg = Debug|Any CPU
		{6CAC27FB-A5F4-4B78-BAD2-DF07DAA59D61}.Debug|x86.Build.0 = Debug|Any CPU
		{6CAC27FB-A5F4-4B78-BAD2-DF07DAA59D61}.Release|Any CPU.ActiveCfg = Release|Any CPU
		{6CAC27FB-A5F4-4B78-BAD2-DF07DAA59D61}.Release|Any CPU.Build.0 = Release|Any CPU
		{6CAC27FB-A5F4-4B78-BAD2-DF07DAA59D61}.Release|x64.ActiveCfg = Release|Any CPU
		{6CAC27FB-A5F4-4B78-BAD2-DF07DAA59D61}.Release|x64.Build.0 = Release|Any CPU
		{6CAC27FB-A5F4-4B78-BAD2-DF07DAA59D61}.Release|x86.ActiveCfg = Release|Any CPU
		{6CAC27FB-A5F4-4B78-BAD2-DF07DAA59D61}.Release|x86.Build.0 = Release|Any CPU
		{39813A4C-2C7D-46B1-AF06-372CC17F27BF}.Debug|Any CPU.ActiveCfg = Debug|Any CPU
		{39813A4C-2C7D-46B1-AF06-372CC17F27BF}.Debug|Any CPU.Build.0 = Debug|Any CPU
		{39813A4C-2C7D-46B1-AF06-372CC17F27BF}.Debug|x64.ActiveCfg = Debug|Any CPU
		{39813A4C-2C7D-46B1-AF06-372CC17F27BF}.Debug|x64.Build.0 = Debug|Any CPU
		{39813A4C-2C7D-46B1-AF06-372CC17F27BF}.Debug|x86.ActiveCfg = Debug|Any CPU
		{39813A4C-2C7D-46B1-AF06-372CC17F27BF}.Debug|x86.Build.0 = Debug|Any CPU
		{39813A4C-2C7D-46B1-AF06-372CC17F27BF}.Release|Any CPU.ActiveCfg = Release|Any CPU
		{39813A4C-2C7D-46B1-AF06-372CC17F27BF}.Release|Any CPU.Build.0 = Release|Any CPU
		{39813A4C-2C7D-46B1-AF06-372CC17F27BF}.Release|x64.ActiveCfg = Release|Any CPU
		{39813A4C-2C7D-46B1-AF06-372CC17F27BF}.Release|x64.Build.0 = Release|Any CPU
		{39813A4C-2C7D-46B1-AF06-372CC17F27BF}.Release|x86.ActiveCfg = Release|Any CPU
		{39813A4C-2C7D-46B1-AF06-372CC17F27BF}.Release|x86.Build.0 = Release|Any CPU
	EndGlobalSection
	GlobalSection(NestedProjects) = preSolution
		{6CAC27FB-A5F4-4B78-BAD2-DF07DAA59D61} = {AC94063D-816D-42E0-84C2-B1F87C4EAE63}
		{39813A4C-2C7D-46B1-AF06-372CC17F27BF} = {E9B716A0-23CC-420A-BBBA-77331266C6DA}
	EndGlobalSection
EndGlobal
